
Microsoft Visual Studio Solution File, Format Version 12.00
# Visual Studio Version 16
VisualStudioVersion = 16.0.30128.74
MinimumVisualStudioVersion = 10.0.40219.1
Project("{FAE04EC0-301F-11D3-BF4B-00C04F79EFBC}") = "OnlineShopping.web", "OnlineShopping.web\OnlineShopping.web.csproj", "{94D022F5-74B3-4E89-9B74-602982AD1C97}"
EndProject
Project("{FAE04EC0-301F-11D3-BF4B-00C04F79EFBC}") = "OnlineShopping.data", "OnlineShopping.data\OnlineShopping.data.csproj", "{5B8565AD-819F-452A-ADD7-BC6AB9BB11CE}"
EndProject
Project("{FAE04EC0-301F-11D3-BF4B-00C04F79EFBC}") = "OnlineShopping.business", "OnlineShopping.business\OnlineShopping.business.csproj", "{15BD10D2-3BC5-4814-AC89-5E741CB89804}"
EndProject
Global
	GlobalSection(SolutionConfigurationPlatforms) = preSolution
		Debug|Any CPU = Debug|Any CPU
		Release|Any CPU = Release|Any CPU
	EndGlobalSection
	GlobalSection(ProjectConfigurationPlatforms) = postSolution
		{94D022F5-74B3-4E89-9B74-602982AD1C97}.Debug|Any CPU.ActiveCfg = Debug|Any CPU
		{94D022F5-74B3-4E89-9B74-602982AD1C97}.Debug|Any CPU.Build.0 = Debug|Any CPU
		{94D022F5-74B3-4E89-9B74-602982AD1C97}.Release|Any CPU.ActiveCfg = Release|Any CPU
		{94D022F5-74B3-4E89-9B74-602982AD1C97}.Release|Any CPU.Build.0 = Release|Any CPU
		{5B8565AD-819F-452A-ADD7-BC6AB9BB11CE}.Debug|Any CPU.ActiveCfg = Debug|Any CPU
		{5B8565AD-819F-452A-ADD7-BC6AB9BB11CE}.Debug|Any CPU.Build.0 = Debug|Any CPU
		{5B8565AD-819F-452A-ADD7-BC6AB9BB11CE}.Release|Any CPU.ActiveCfg = Release|Any CPU
		{5B8565AD-819F-452A-ADD7-BC6AB9BB11CE}.Release|Any CPU.Build.0 = Release|Any CPU
		{15BD10D2-3BC5-4814-AC89-5E741CB89804}.Debug|Any CPU.ActiveCfg = Debug|Any CPU
		{15BD10D2-3BC5-4814-AC89-5E741CB89804}.Debug|Any CPU.Build.0 = Debug|Any CPU
		{15BD10D2-3BC5-4814-AC89-5E741CB89804}.Release|Any CPU.ActiveCfg = Release|Any CPU
		{15BD10D2-3BC5-4814-AC89-5E741CB89804}.Release|Any CPU.Build.0 = Release|Any CPU
	EndGlobalSection
	GlobalSection(SolutionProperties) = preSolution
		HideSolutionNode = FALSE
	EndGlobalSection
	GlobalSection(ExtensibilityGlobals) = postSolution
		SolutionGuid = {485F2269-7DF3-4D97-A3FD-34F165F2CF19}
	EndGlobalSection
EndGlobal
