
Microsoft Visual Studio Solution File, Format Version 12.00
# Visual Studio Version 16
VisualStudioVersion = 16.0.30128.74
MinimumVisualStudioVersion = 10.0.40219.1
Project("{FAE04EC0-301F-11D3-BF4B-00C04F79EFBC}") = "ShoppingApp.web", "ShoppingApp.web\ShoppingApp.web.csproj", "{96BBDBB5-9EEE-4A91-B9FD-710BC8F0298A}"
EndProject
Project("{FAE04EC0-301F-11D3-BF4B-00C04F79EFBC}") = "ShoppingApp.business", "ShoppingApp.business\ShoppingApp.business.csproj", "{481B9189-8B83-4D79-A828-B4A002744888}"
EndProject
Project("{FAE04EC0-301F-11D3-BF4B-00C04F79EFBC}") = "ShoppingApp.dataAccess", "ShoppingApp.dataAccess\ShoppingApp.dataAccess.csproj", "{5620B568-5411-4755-BF44-3187595DCA52}"
EndProject
Project("{FAE04EC0-301F-11D3-BF4B-00C04F79EFBC}") = "ShoppingApp.common", "ShoppingApp.common\ShoppingApp.common.csproj", "{999F069F-DD86-4C71-BEB0-5165544E40C2}"
EndProject
Global
	GlobalSection(SolutionConfigurationPlatforms) = preSolution
		Debug|Any CPU = Debug|Any CPU
		Release|Any CPU = Release|Any CPU
	EndGlobalSection
	GlobalSection(ProjectConfigurationPlatforms) = postSolution
		{96BBDBB5-9EEE-4A91-B9FD-710BC8F0298A}.Debug|Any CPU.ActiveCfg = Debug|Any CPU
		{96BBDBB5-9EEE-4A91-B9FD-710BC8F0298A}.Debug|Any CPU.Build.0 = Debug|Any CPU
		{96BBDBB5-9EEE-4A91-B9FD-710BC8F0298A}.Release|Any CPU.ActiveCfg = Release|Any CPU
		{96BBDBB5-9EEE-4A91-B9FD-710BC8F0298A}.Release|Any CPU.Build.0 = Release|Any CPU
		{481B9189-8B83-4D79-A828-B4A002744888}.Debug|Any CPU.ActiveCfg = Debug|Any CPU
		{481B9189-8B83-4D79-A828-B4A002744888}.Debug|Any CPU.Build.0 = Debug|Any CPU
		{481B9189-8B83-4D79-A828-B4A002744888}.Release|Any CPU.ActiveCfg = Release|Any CPU
		{481B9189-8B83-4D79-A828-B4A002744888}.Release|Any CPU.Build.0 = Release|Any CPU
		{5620B568-5411-4755-BF44-3187595DCA52}.Debug|Any CPU.ActiveCfg = Debug|Any CPU
		{5620B568-5411-4755-BF44-3187595DCA52}.Debug|Any CPU.Build.0 = Debug|Any CPU
		{5620B568-5411-4755-BF44-3187595DCA52}.Release|Any CPU.ActiveCfg = Release|Any CPU
		{5620B568-5411-4755-BF44-3187595DCA52}.Release|Any CPU.Build.0 = Release|Any CPU
		{999F069F-DD86-4C71-BEB0-5165544E40C2}.Debug|Any CPU.ActiveCfg = Debug|Any CPU
		{999F069F-DD86-4C71-BEB0-5165544E40C2}.Debug|Any CPU.Build.0 = Debug|Any CPU
		{999F069F-DD86-4C71-BEB0-5165544E40C2}.Release|Any CPU.ActiveCfg = Release|Any CPU
		{999F069F-DD86-4C71-BEB0-5165544E40C2}.Release|Any CPU.Build.0 = Release|Any CPU
	EndGlobalSection
	GlobalSection(SolutionProperties) = preSolution
		HideSolutionNode = FALSE
	EndGlobalSection
	GlobalSection(ExtensibilityGlobals) = postSolution
		SolutionGuid = {B0E87C88-CBB9-4098-9FDD-39D415BE14E9}
	EndGlobalSection
EndGlobal
